// !$*UTF8*$!
{
	archiveVersion = 1;
	classes = {
	};
	objectVersion = 51;
	objects = {

/* Begin PBXBuildFile section */
		38ED08B3CEBD1697674670DB /* Pods_chirpAttendanceAdmin.framework in Frameworks */ = {isa = PBXBuildFile; fileRef = 3F1E93E5C92789B082A24EB1 /* Pods_chirpAttendanceAdmin.framework */; };
		86439D072354B79E00B74DA3 /* AppDelegate.swift in Sources */ = {isa = PBXBuildFile; fileRef = 86439D062354B79E00B74DA3 /* AppDelegate.swift */; };
		86439D092354B79E00B74DA3 /* ViewController.swift in Sources */ = {isa = PBXBuildFile; fileRef = 86439D082354B79E00B74DA3 /* ViewController.swift */; };
		86439D0C2354B79E00B74DA3 /* Main.storyboard in Resources */ = {isa = PBXBuildFile; fileRef = 86439D0A2354B79E00B74DA3 /* Main.storyboard */; };
		86439D0E2354B79F00B74DA3 /* Assets.xcassets in Resources */ = {isa = PBXBuildFile; fileRef = 86439D0D2354B79F00B74DA3 /* Assets.xcassets */; };
		86439D112354B79F00B74DA3 /* LaunchScreen.storyboard in Resources */ = {isa = PBXBuildFile; fileRef = 86439D0F2354B79F00B74DA3 /* LaunchScreen.storyboard */; };
		86439D192354B82F00B74DA3 /* GoogleService-Info.plist in Resources */ = {isa = PBXBuildFile; fileRef = 86439D182354B82F00B74DA3 /* GoogleService-Info.plist */; };
		86439D1B2354EF2D00B74DA3 /* RoomViewController.swift in Sources */ = {isa = PBXBuildFile; fileRef = 86439D1A2354EF2D00B74DA3 /* RoomViewController.swift */; };
		86439D1D2355EDE600B74DA3 /* PopupRoomFormViewController.swift in Sources */ = {isa = PBXBuildFile; fileRef = 86439D1C2355EDE600B74DA3 /* PopupRoomFormViewController.swift */; };
/* End PBXBuildFile section */

/* Begin PBXFileReference section */
		309D5838855082DE5A9AD66B /* Pods-chirpAttendanceAdmin.debug.xcconfig */ = {isa = PBXFileReference; includeInIndex = 1; lastKnownFileType = text.xcconfig; name = "Pods-chirpAttendanceAdmin.debug.xcconfig"; path = "Target Support Files/Pods-chirpAttendanceAdmin/Pods-chirpAttendanceAdmin.debug.xcconfig"; sourceTree = "<group>"; };
		3F1E93E5C92789B082A24EB1 /* Pods_chirpAttendanceAdmin.framework */ = {isa = PBXFileReference; explicitFileType = wrapper.framework; includeInIndex = 0; path = Pods_chirpAttendanceAdmin.framework; sourceTree = BUILT_PRODUCTS_DIR; };
		86439D032354B79E00B74DA3 /* chirpAttendanceAdmin.app */ = {isa = PBXFileReference; explicitFileType = wrapper.application; includeInIndex = 0; path = chirpAttendanceAdmin.app; sourceTree = BUILT_PRODUCTS_DIR; };
		86439D062354B79E00B74DA3 /* AppDelegate.swift */ = {isa = PBXFileReference; lastKnownFileType = sourcecode.swift; path = AppDelegate.swift; sourceTree = "<group>"; };
		86439D082354B79E00B74DA3 /* ViewController.swift */ = {isa = PBXFileReference; lastKnownFileType = sourcecode.swift; path = ViewController.swift; sourceTree = "<group>"; };
		86439D0B2354B79E00B74DA3 /* Base */ = {isa = PBXFileReference; lastKnownFileType = file.storyboard; name = Base; path = Base.lproj/Main.storyboard; sourceTree = "<group>"; };
		86439D0D2354B79F00B74DA3 /* Assets.xcassets */ = {isa = PBXFileReference; lastKnownFileType = folder.assetcatalog; path = Assets.xcassets; sourceTree = "<group>"; };
		86439D102354B79F00B74DA3 /* Base */ = {isa = PBXFileReference; lastKnownFileType = file.storyboard; name = Base; path = Base.lproj/LaunchScreen.storyboard; sourceTree = "<group>"; };
		86439D122354B79F00B74DA3 /* Info.plist */ = {isa = PBXFileReference; lastKnownFileType = text.plist.xml; path = Info.plist; sourceTree = "<group>"; };
		86439D182354B82F00B74DA3 /* GoogleService-Info.plist */ = {isa = PBXFileReference; fileEncoding = 4; lastKnownFileType = text.plist.xml; path = "GoogleService-Info.plist"; sourceTree = "<group>"; };
		86439D1A2354EF2D00B74DA3 /* RoomViewController.swift */ = {isa = PBXFileReference; lastKnownFileType = sourcecode.swift; path = RoomViewController.swift; sourceTree = "<group>"; };
		86439D1C2355EDE600B74DA3 /* PopupRoomFormViewController.swift */ = {isa = PBXFileReference; lastKnownFileType = sourcecode.swift; path = PopupRoomFormViewController.swift; sourceTree = "<group>"; };
		8942E03A325E31C8304EF0D1 /* Pods-chirpAttendanceAdmin.release.xcconfig */ = {isa = PBXFileReference; includeInIndex = 1; lastKnownFileType = text.xcconfig; name = "Pods-chirpAttendanceAdmin.release.xcconfig"; path = "Target Support Files/Pods-chirpAttendanceAdmin/Pods-chirpAttendanceAdmin.release.xcconfig"; sourceTree = "<group>"; };
/* End PBXFileReference section */

/* Begin PBXFrameworksBuildPhase section */
		86439D002354B79E00B74DA3 /* Frameworks */ = {
			isa = PBXFrameworksBuildPhase;
			buildActionMask = 2147483647;
			files = (
				38ED08B3CEBD1697674670DB /* Pods_chirpAttendanceAdmin.framework in Frameworks */,
			);
			runOnlyForDeploymentPostprocessing = 0;
		};
/* End PBXFrameworksBuildPhase section */

/* Begin PBXGroup section */
		86439CFA2354B79E00B74DA3 = {
			isa = PBXGroup;
			children = (
				86439D052354B79E00B74DA3 /* chirpAttendanceAdmin */,
				86439D042354B79E00B74DA3 /* Products */,
				8EAB5FE6A0A828D2758E526B /* Pods */,
				FFCC8E91023DEF8D653A8509 /* Frameworks */,
			);
			sourceTree = "<group>";
		};
		86439D042354B79E00B74DA3 /* Products */ = {
			isa = PBXGroup;
			children = (
				86439D032354B79E00B74DA3 /* chirpAttendanceAdmin.app */,
			);
			name = Products;
			sourceTree = "<group>";
		};
		86439D052354B79E00B74DA3 /* chirpAttendanceAdmin */ = {
			isa = PBXGroup;
			children = (
				86439D062354B79E00B74DA3 /* AppDelegate.swift */,
				86439D082354B79E00B74DA3 /* ViewController.swift */,
				86439D1A2354EF2D00B74DA3 /* RoomViewController.swift */,
				86439D1C2355EDE600B74DA3 /* PopupRoomFormViewController.swift */,
				86439D0A2354B79E00B74DA3 /* Main.storyboard */,
				86439D0D2354B79F00B74DA3 /* Assets.xcassets */,
				86439D0F2354B79F00B74DA3 /* LaunchScreen.storyboard */,
				86439D122354B79F00B74DA3 /* Info.plist */,
				86439D182354B82F00B74DA3 /* GoogleService-Info.plist */,
			);
			path = chirpAttendanceAdmin;
			sourceTree = "<group>";
		};
		8EAB5FE6A0A828D2758E526B /* Pods */ = {
			isa = PBXGroup;
			children = (
				309D5838855082DE5A9AD66B /* Pods-chirpAttendanceAdmin.debug.xcconfig */,
				8942E03A325E31C8304EF0D1 /* Pods-chirpAttendanceAdmin.release.xcconfig */,
			);
			path = Pods;
			sourceTree = "<group>";
		};
		FFCC8E91023DEF8D653A8509 /* Frameworks */ = {
			isa = PBXGroup;
			children = (
				3F1E93E5C92789B082A24EB1 /* Pods_chirpAttendanceAdmin.framework */,
			);
			name = Frameworks;
			sourceTree = "<group>";
		};
/* End PBXGroup section */

/* Begin PBXNativeTarget section */
		86439D022354B79E00B74DA3 /* chirpAttendanceAdmin */ = {
			isa = PBXNativeTarget;
			buildConfigurationList = 86439D152354B79F00B74DA3 /* Build configuration list for PBXNativeTarget "chirpAttendanceAdmin" */;
			buildPhases = (
				C805BB16B05B171D496C9839 /* [CP] Check Pods Manifest.lock */,
				86439CFF2354B79E00B74DA3 /* Sources */,
				86439D002354B79E00B74DA3 /* Frameworks */,
				86439D012354B79E00B74DA3 /* Resources */,
				3017D02CE3E68ADDBAB719E9 /* [CP] Embed Pods Frameworks */,
			);
			buildRules = (
			);
			dependencies = (
			);
			name = chirpAttendanceAdmin;
			productName = chirpAttendanceAdmin;
			productReference = 86439D032354B79E00B74DA3 /* chirpAttendanceAdmin.app */;
			productType = "com.apple.product-type.application";
		};
/* End PBXNativeTarget section */

/* Begin PBXProject section */
		86439CFB2354B79E00B74DA3 /* Project object */ = {
			isa = PBXProject;
			attributes = {
				LastSwiftUpdateCheck = 1020;
				LastUpgradeCheck = 1020;
				ORGANIZATIONNAME = "Garima Bothra";
				TargetAttributes = {
					86439D022354B79E00B74DA3 = {
						CreatedOnToolsVersion = 10.2.1;
					};
				};
			};
			buildConfigurationList = 86439CFE2354B79E00B74DA3 /* Build configuration list for PBXProject "chirpAttendanceAdmin" */;
			compatibilityVersion = "Xcode 9.3";
			developmentRegion = en;
			hasScannedForEncodings = 0;
			knownRegions = (
				en,
				Base,
			);
			mainGroup = 86439CFA2354B79E00B74DA3;
			productRefGroup = 86439D042354B79E00B74DA3 /* Products */;
			projectDirPath = "";
			projectRoot = "";
			targets = (
				86439D022354B79E00B74DA3 /* chirpAttendanceAdmin */,
			);
		};
/* End PBXProject section */

/* Begin PBXResourcesBuildPhase section */
		86439D012354B79E00B74DA3 /* Resources */ = {
			isa = PBXResourcesBuildPhase;
			buildActionMask = 2147483647;
			files = (
				86439D112354B79F00B74DA3 /* LaunchScreen.storyboard in Resources */,
				86439D192354B82F00B74DA3 /* GoogleService-Info.plist in Resources */,
				86439D0E2354B79F00B74DA3 /* Assets.xcassets in Resources */,
				86439D0C2354B79E00B74DA3 /* Main.storyboard in Resources */,
			);
			runOnlyForDeploymentPostprocessing = 0;
		};
/* End PBXResourcesBuildPhase section */

/* Begin PBXShellScriptBuildPhase section */
		3017D02CE3E68ADDBAB719E9 /* [CP] Embed Pods Frameworks */ = {
			isa = PBXShellScriptBuildPhase;
			buildActionMask = 2147483647;
			files = (
			);
			inputFileListPaths = (
				"${PODS_ROOT}/Target Support Files/Pods-chirpAttendanceAdmin/Pods-chirpAttendanceAdmin-frameworks-${CONFIGURATION}-input-files.xcfilelist",
			);
			name = "[CP] Embed Pods Frameworks";
			outputFileListPaths = (
				"${PODS_ROOT}/Target Support Files/Pods-chirpAttendanceAdmin/Pods-chirpAttendanceAdmin-frameworks-${CONFIGURATION}-output-files.xcfilelist",
			);
			runOnlyForDeploymentPostprocessing = 0;
			shellPath = /bin/sh;
			shellScript = "\"${PODS_ROOT}/Target Support Files/Pods-chirpAttendanceAdmin/Pods-chirpAttendanceAdmin-frameworks.sh\"\n";
			showEnvVarsInLog = 0;
		};
		C805BB16B05B171D496C9839 /* [CP] Check Pods Manifest.lock */ = {
			isa = PBXShellScriptBuildPhase;
			buildActionMask = 2147483647;
			files = (
			);
			inputFileListPaths = (
			);
			inputPaths = (
				"${PODS_PODFILE_DIR_PATH}/Podfile.lock",
				"${PODS_ROOT}/Manifest.lock",
			);
			name = "[CP] Check Pods Manifest.lock";
			outputFileListPaths = (
			);
			outputPaths = (
				"$(DERIVED_FILE_DIR)/Pods-chirpAttendanceAdmin-checkManifestLockResult.txt",
			);
			runOnlyForDeploymentPostprocessing = 0;
			shellPath = /bin/sh;
			shellScript = "diff \"${PODS_PODFILE_DIR_PATH}/Podfile.lock\" \"${PODS_ROOT}/Manifest.lock\" > /dev/null\nif [ $? != 0 ] ; then\n    # print error to STDERR\n    echo \"error: The sandbox is not in sync with the Podfile.lock. Run 'pod install' or update your CocoaPods installation.\" >&2\n    exit 1\nfi\n# This output is used by Xcode 'outputs' to avoid re-running this script phase.\necho \"SUCCESS\" > \"${SCRIPT_OUTPUT_FILE_0}\"\n";
			showEnvVarsInLog = 0;
		};
/* End PBXShellScriptBuildPhase section */

/* Begin PBXSourcesBuildPhase section */
		86439CFF2354B79E00B74DA3 /* Sources */ = {
			isa = PBXSourcesBuildPhase;
			buildActionMask = 2147483647;
			files = (
				86439D1D2355EDE600B74DA3 /* PopupRoomFormViewController.swift in Sources */,
				86439D1B2354EF2D00B74DA3 /* RoomViewController.swift in Sources */,
				86439D092354B79E00B74DA3 /* ViewController.swift in Sources */,
				86439D072354B79E00B74DA3 /* AppDelegate.swift in Sources */,
			);
			runOnlyForDeploymentPostprocessing = 0;
		};
/* End PBXSourcesBuildPhase section */

/* Begin PBXVariantGroup section */
		86439D0A2354B79E00B74DA3 /* Main.storyboard */ = {
			isa = PBXVariantGroup;
			children = (
				86439D0B2354B79E00B74DA3 /* Base */,
			);
			name = Main.storyboard;
			sourceTree = "<group>";
		};
		86439D0F2354B79F00B74DA3 /* LaunchScreen.storyboard */ = {
			isa = PBXVariantGroup;
			children = (
				86439D102354B79F00B74DA3 /* Base */,
			);
			name = LaunchScreen.storyboard;
			sourceTree = "<group>";
		};
/* End PBXVariantGroup section */

/* Begin XCBuildConfiguration section */
		86439D132354B79F00B74DA3 /* Debug */ = {
			isa = XCBuildConfiguration;
			buildSettings = {
				ALWAYS_SEARCH_USER_PATHS = NO;
				CLANG_ANALYZER_NONNULL = YES;
				CLANG_ANALYZER_NUMBER_OBJECT_CONVERSION = YES_AGGRESSIVE;
				CLANG_CXX_LANGUAGE_STANDARD = "gnu++14";
				CLANG_CXX_LIBRARY = "libc++";
				CLANG_ENABLE_MODULES = YES;
				CLANG_ENABLE_OBJC_ARC = YES;
				CLANG_ENABLE_OBJC_WEAK = YES;
				CLANG_WARN_BLOCK_CAPTURE_AUTORELEASING = YES;
				CLANG_WARN_BOOL_CONVERSION = YES;
				CLANG_WARN_COMMA = YES;
				CLANG_WARN_CONSTANT_CONVERSION = YES;
				CLANG_WARN_DEPRECATED_OBJC_IMPLEMENTATIONS = YES;
				CLANG_WARN_DIRECT_OBJC_ISA_USAGE = YES_ERROR;
				CLANG_WARN_DOCUMENTATION_COMMENTS = YES;
				CLANG_WARN_EMPTY_BODY = YES;
				CLANG_WARN_ENUM_CONVERSION = YES;
				CLANG_WARN_INFINITE_RECURSION = YES;
				CLANG_WARN_INT_CONVERSION = YES;
				CLANG_WARN_NON_LITERAL_NULL_CONVERSION = YES;
				CLANG_WARN_OBJC_IMPLICIT_RETAIN_SELF = YES;
				CLANG_WARN_OBJC_LITERAL_CONVERSION = YES;
				CLANG_WARN_OBJC_ROOT_CLASS = YES_ERROR;
				CLANG_WARN_RANGE_LOOP_ANALYSIS = YES;
				CLANG_WARN_STRICT_PROTOTYPES = YES;
				CLANG_WARN_SUSPICIOUS_MOVE = YES;
				CLANG_WARN_UNGUARDED_AVAILABILITY = YES_AGGRESSIVE;
				CLANG_WARN_UNREACHABLE_CODE = YES;
				CLANG_WARN__DUPLICATE_METHOD_MATCH = YES;
				CODE_SIGN_IDENTITY = "iPhone Developer";
				COPY_PHASE_STRIP = NO;
				DEBUG_INFORMATION_FORMAT = dwarf;
				ENABLE_STRICT_OBJC_MSGSEND = YES;
				ENABLE_TESTABILITY = YES;
				GCC_C_LANGUAGE_STANDARD = gnu11;
				GCC_DYNAMIC_NO_PIC = NO;
				GCC_NO_COMMON_BLOCKS = YES;
				GCC_OPTIMIZATION_LEVEL = 0;
				GCC_PREPROCESSOR_DEFINITIONS = (
					"DEBUG=1",
					"$(inherited)",
				);
				GCC_WARN_64_TO_32_BIT_CONVERSION = YES;
				GCC_WARN_ABOUT_RETURN_TYPE = YES_ERROR;
				GCC_WARN_UNDECLARED_SELECTOR = YES;
				GCC_WARN_UNINITIALIZED_AUTOS = YES_AGGRESSIVE;
				GCC_WARN_UNUSED_FUNCTION = YES;
				GCC_WARN_UNUSED_VARIABLE = YES;
				IPHONEOS_DEPLOYMENT_TARGET = 12.2;
				MTL_ENABLE_DEBUG_INFO = INCLUDE_SOURCE;
				MTL_FAST_MATH = YES;
				ONLY_ACTIVE_ARCH = YES;
				SDKROOT = iphoneos;
				SWIFT_ACTIVE_COMPILATION_CONDITIONS = DEBUG;
				SWIFT_OPTIMIZATION_LEVEL = "-Onone";
			};
			name = Debug;
		};
		86439D142354B79F00B74DA3 /* Release */ = {
			isa = XCBuildConfiguration;
			buildSettings = {
				ALWAYS_SEARCH_USER_PATHS = NO;
				CLANG_ANALYZER_NONNULL = YES;
				CLANG_ANALYZER_NUMBER_OBJECT_CONVERSION = YES_AGGRESSIVE;
				CLANG_CXX_LANGUAGE_STANDARD = "gnu++14";
				CLANG_CXX_LIBRARY = "libc++";
				CLANG_ENABLE_MODULES = YES;
				CLANG_ENABLE_OBJC_ARC = YES;
				CLANG_ENABLE_OBJC_WEAK = YES;
				CLANG_WARN_BLOCK_CAPTURE_AUTORELEASING = YES;
				CLANG_WARN_BOOL_CONVERSION = YES;
				CLANG_WARN_COMMA = YES;
				CLANG_WARN_CONSTANT_CONVERSION = YES;
				CLANG_WARN_DEPRECATED_OBJC_IMPLEMENTATIONS = YES;
				CLANG_WARN_DIRECT_OBJC_ISA_USAGE = YES_ERROR;
				CLANG_WARN_DOCUMENTATION_COMMENTS = YES;
				CLANG_WARN_EMPTY_BODY = YES;
				CLANG_WARN_ENUM_CONVERSION = YES;
				CLANG_WARN_INFINITE_RECURSION = YES;
				CLANG_WARN_INT_CONVERSION = YES;
				CLANG_WARN_NON_LITERAL_NULL_CONVERSION = YES;
				CLANG_WARN_OBJC_IMPLICIT_RETAIN_SELF = YES;
				CLANG_WARN_OBJC_LITERAL_CONVERSION = YES;
				CLANG_WARN_OBJC_ROOT_CLASS = YES_ERROR;
				CLANG_WARN_RANGE_LOOP_ANALYSIS = YES;
				CLANG_WARN_STRICT_PROTOTYPES = YES;
				CLANG_WARN_SUSPICIOUS_MOVE = YES;
				CLANG_WARN_UNGUARDED_AVAILABILITY = YES_AGGRESSIVE;
				CLANG_WARN_UNREACHABLE_CODE = YES;
				CLANG_WARN__DUPLICATE_METHOD_MATCH = YES;
				CODE_SIGN_IDENTITY = "iPhone Developer";
				COPY_PHASE_STRIP = NO;
				DEBUG_INFORMATION_FORMAT = "dwarf-with-dsym";
				ENABLE_NS_ASSERTIONS = NO;
				ENABLE_STRICT_OBJC_MSGSEND = YES;
				GCC_C_LANGUAGE_STANDARD = gnu11;
				GCC_NO_COMMON_BLOCKS = YES;
				GCC_WARN_64_TO_32_BIT_CONVERSION = YES;
				GCC_WARN_ABOUT_RETURN_TYPE = YES_ERROR;
				GCC_WARN_UNDECLARED_SELECTOR = YES;
				GCC_WARN_UNINITIALIZED_AUTOS = YES_AGGRESSIVE;
				GCC_WARN_UNUSED_FUNCTION = YES;
				GCC_WARN_UNUSED_VARIABLE = YES;
				IPHONEOS_DEPLOYMENT_TARGET = 12.2;
				MTL_ENABLE_DEBUG_INFO = NO;
				MTL_FAST_MATH = YES;
				SDKROOT = iphoneos;
				SWIFT_COMPILATION_MODE = wholemodule;
				SWIFT_OPTIMIZATION_LEVEL = "-O";
				VALIDATE_PRODUCT = YES;
			};
			name = Release;
		};
		86439D162354B79F00B74DA3 /* Debug */ = {
			isa = XCBuildConfiguration;
			baseConfigurationReference = 309D5838855082DE5A9AD66B /* Pods-chirpAttendanceAdmin.debug.xcconfig */;
			buildSettings = {
				ASSETCATALOG_COMPILER_APPICON_NAME = AppIcon;
				CODE_SIGN_STYLE = Automatic;
				DEVELOPMENT_TEAM = 5CZV4M4WF6;
				INFOPLIST_FILE = chirpAttendanceAdmin/Info.plist;
				LD_RUNPATH_SEARCH_PATHS = (
					"$(inherited)",
					"@executable_path/Frameworks",
				);
				PRODUCT_BUNDLE_IDENTIFIER = com.garimabothra.chirpAttendanceAdmin;
				PRODUCT_NAME = "$(TARGET_NAME)";
				SWIFT_VERSION = 5.0;
				TARGETED_DEVICE_FAMILY = "1,2";
			};
			name = Debug;
		};
		86439D172354B79F00B74DA3 /* Release */ = {
			isa = XCBuildConfiguration;
			baseConfigurationReference = 8942E03A325E31C8304EF0D1 /* Pods-chirpAttendanceAdmin.release.xcconfig */;
			buildSettings = {
				ASSETCATALOG_COMPILER_APPICON_NAME = AppIcon;
				CODE_SIGN_STYLE = Automatic;
				DEVELOPMENT_TEAM = 5CZV4M4WF6;
				INFOPLIST_FILE = chirpAttendanceAdmin/Info.plist;
				LD_RUNPATH_SEARCH_PATHS = (
					"$(inherited)",
					"@executable_path/Frameworks",
				);
				PRODUCT_BUNDLE_IDENTIFIER = com.garimabothra.chirpAttendanceAdmin;
				PRODUCT_NAME = "$(TARGET_NAME)";
				SWIFT_VERSION = 5.0;
				TARGETED_DEVICE_FAMILY = "1,2";
			};
			name = Release;
		};
/* End XCBuildConfiguration section */

/* Begin XCConfigurationList section */
		86439CFE2354B79E00B74DA3 /* Build configuration list for PBXProject "chirpAttendanceAdmin" */ = {
			isa = XCConfigurationList;
			buildConfigurations = (
				86439D132354B79F00B74DA3 /* Debug */,
				86439D142354B79F00B74DA3 /* Release */,
			);
			defaultConfigurationIsVisible = 0;
			defaultConfigurationName = Release;
		};
		86439D152354B79F00B74DA3 /* Build configuration list for PBXNativeTarget "chirpAttendanceAdmin" */ = {
			isa = XCConfigurationList;
			buildConfigurations = (
				86439D162354B79F00B74DA3 /* Debug */,
				86439D172354B79F00B74DA3 /* Release */,
			);
			defaultConfigurationIsVisible = 0;
			defaultConfigurationName = Release;
		};
/* End XCConfigurationList section */
	};
	rootObject = 86439CFB2354B79E00B74DA3 /* Project object */;
}
